// !$*UTF8*$!
{
	archiveVersion = 1;
	classes = {
	};
	objectVersion = 46;
	objects = {

/* Begin PBXBuildFile section */
		5AD96C15762789674D2D8A01 /* libPods-SmallYellowBike.a in Frameworks */ = {isa = PBXBuildFile; fileRef = D397C4B4B8144C3025E6AF1B /* libPods-SmallYellowBike.a */; };
		C305C4521EA7619C004C73BF /* main.m in Sources */ = {isa = PBXBuildFile; fileRef = C305C4511EA7619C004C73BF /* main.m */; };
		C305C4551EA7619C004C73BF /* AppDelegate.m in Sources */ = {isa = PBXBuildFile; fileRef = C305C4541EA7619C004C73BF /* AppDelegate.m */; };
		C305C45D1EA7619C004C73BF /* Assets.xcassets in Resources */ = {isa = PBXBuildFile; fileRef = C305C45C1EA7619C004C73BF /* Assets.xcassets */; };
		C305C46B1EA7619C004C73BF /* SmallYellowBikeTests.m in Sources */ = {isa = PBXBuildFile; fileRef = C305C46A1EA7619C004C73BF /* SmallYellowBikeTests.m */; };
		C305C4761EA7619C004C73BF /* SmallYellowBikeUITests.m in Sources */ = {isa = PBXBuildFile; fileRef = C305C4751EA7619C004C73BF /* SmallYellowBikeUITests.m */; };
		C305C49F1EA76B7E004C73BF /* UIColor+HexColor.m in Sources */ = {isa = PBXBuildFile; fileRef = C305C49E1EA76B7E004C73BF /* UIColor+HexColor.m */; };
		C321025F1EAA009900D6251F /* SYActivityCenterViewController.m in Sources */ = {isa = PBXBuildFile; fileRef = C321024E1EAA009900D6251F /* SYActivityCenterViewController.m */; };
		C32102601EAA009900D6251F /* SYHomePageViewController.m in Sources */ = {isa = PBXBuildFile; fileRef = C32102541EAA009900D6251F /* SYHomePageViewController.m */; };
		C32102611EAA009900D6251F /* SYUserInfoListView.m in Sources */ = {isa = PBXBuildFile; fileRef = C32102561EAA009900D6251F /* SYUserInfoListView.m */; };
		C32102631EAA009900D6251F /* SYUserInfoList.plist in Resources */ = {isa = PBXBuildFile; fileRef = C32102591EAA009900D6251F /* SYUserInfoList.plist */; };
		C32102641EAA009900D6251F /* SYUserInfoModel.m in Sources */ = {isa = PBXBuildFile; fileRef = C321025B1EAA009900D6251F /* SYUserInfoModel.m */; };
		C32102651EAA009900D6251F /* SYUserInfoCell.m in Sources */ = {isa = PBXBuildFile; fileRef = C321025E1EAA009900D6251F /* SYUserInfoCell.m */; };
		C32102681EAA03A900D6251F /* SYScanQrcodeViewController.m in Sources */ = {isa = PBXBuildFile; fileRef = C32102671EAA03A900D6251F /* SYScanQrcodeViewController.m */; };
		C321026B1EAA05C800D6251F /* SYActivityCenterModel.m in Sources */ = {isa = PBXBuildFile; fileRef = C321026A1EAA05C800D6251F /* SYActivityCenterModel.m */; };
		C321026E1EAA05FA00D6251F /* SYActivityCenterViewCell.m in Sources */ = {isa = PBXBuildFile; fileRef = C321026D1EAA05FA00D6251F /* SYActivityCenterViewCell.m */; };
		C32102711EAA06D700D6251F /* SYHomePageLocationModel.m in Sources */ = {isa = PBXBuildFile; fileRef = C32102701EAA06D700D6251F /* SYHomePageLocationModel.m */; };
		C32102741EAA0FEB00D6251F /* SYScanQrcodeView.m in Sources */ = {isa = PBXBuildFile; fileRef = C32102731EAA0FEB00D6251F /* SYScanQrcodeView.m */; };
		C35DC65C1EA8B49B00D19621 /* SYBaseNavgationViewController.m in Sources */ = {isa = PBXBuildFile; fileRef = C35DC6591EA8B49B00D19621 /* SYBaseNavgationViewController.m */; };
		C35DC65D1EA8B49B00D19621 /* SYBaseViewController.m in Sources */ = {isa = PBXBuildFile; fileRef = C35DC65B1EA8B49B00D19621 /* SYBaseViewController.m */; };
		C3D57BC31EAD9D8500C07871 /* HomePageLocation.plist in Resources */ = {isa = PBXBuildFile; fileRef = C3D57BC21EAD9D8500C07871 /* HomePageLocation.plist */; };
/* End PBXBuildFile section */

/* Begin PBXContainerItemProxy section */
		C305C4671EA7619C004C73BF /* PBXContainerItemProxy */ = {
			isa = PBXContainerItemProxy;
			containerPortal = C305C4451EA7619C004C73BF /* Project object */;
			proxyType = 1;
			remoteGlobalIDString = C305C44C1EA7619C004C73BF;
			remoteInfo = SmallYellowBike;
		};
		C305C4721EA7619C004C73BF /* PBXContainerItemProxy */ = {
			isa = PBXContainerItemProxy;
			containerPortal = C305C4451EA7619C004C73BF /* Project object */;
			proxyType = 1;
			remoteGlobalIDString = C305C44C1EA7619C004C73BF;
			remoteInfo = SmallYellowBike;
		};
/* End PBXContainerItemProxy section */

/* Begin PBXFileReference section */
		BC6A8D9E1F767C4845300924 /* Pods-SmallYellowBike.debug.xcconfig */ = {isa = PBXFileReference; includeInIndex = 1; lastKnownFileType = text.xcconfig; name = "Pods-SmallYellowBike.debug.xcconfig"; path = "Pods/Target Support Files/Pods-SmallYellowBike/Pods-SmallYellowBike.debug.xcconfig"; sourceTree = "<group>"; };
		C305C44D1EA7619C004C73BF /* SmallYellowBike.app */ = {isa = PBXFileReference; explicitFileType = wrapper.application; includeInIndex = 0; path = SmallYellowBike.app; sourceTree = BUILT_PRODUCTS_DIR; };
		C305C4511EA7619C004C73BF /* main.m */ = {isa = PBXFileReference; lastKnownFileType = sourcecode.c.objc; path = main.m; sourceTree = "<group>"; };
		C305C4531EA7619C004C73BF /* AppDelegate.h */ = {isa = PBXFileReference; lastKnownFileType = sourcecode.c.h; path = AppDelegate.h; sourceTree = "<group>"; };
		C305C4541EA7619C004C73BF /* AppDelegate.m */ = {isa = PBXFileReference; lastKnownFileType = sourcecode.c.objc; path = AppDelegate.m; sourceTree = "<group>"; };
		C305C45C1EA7619C004C73BF /* Assets.xcassets */ = {isa = PBXFileReference; lastKnownFileType = folder.assetcatalog; path = Assets.xcassets; sourceTree = "<group>"; };
		C305C4611EA7619C004C73BF /* Info.plist */ = {isa = PBXFileReference; lastKnownFileType = text.plist.xml; path = Info.plist; sourceTree = "<group>"; };
		C305C4661EA7619C004C73BF /* SmallYellowBikeTests.xctest */ = {isa = PBXFileReference; explicitFileType = wrapper.cfbundle; includeInIndex = 0; path = SmallYellowBikeTests.xctest; sourceTree = BUILT_PRODUCTS_DIR; };
		C305C46A1EA7619C004C73BF /* SmallYellowBikeTests.m */ = {isa = PBXFileReference; lastKnownFileType = sourcecode.c.objc; path = SmallYellowBikeTests.m; sourceTree = "<group>"; };
		C305C46C1EA7619C004C73BF /* Info.plist */ = {isa = PBXFileReference; lastKnownFileType = text.plist.xml; path = Info.plist; sourceTree = "<group>"; };
		C305C4711EA7619C004C73BF /* SmallYellowBikeUITests.xctest */ = {isa = PBXFileReference; explicitFileType = wrapper.cfbundle; includeInIndex = 0; path = SmallYellowBikeUITests.xctest; sourceTree = BUILT_PRODUCTS_DIR; };
		C305C4751EA7619C004C73BF /* SmallYellowBikeUITests.m */ = {isa = PBXFileReference; lastKnownFileType = sourcecode.c.objc; path = SmallYellowBikeUITests.m; sourceTree = "<group>"; };
		C305C4771EA7619C004C73BF /* Info.plist */ = {isa = PBXFileReference; lastKnownFileType = text.plist.xml; path = Info.plist; sourceTree = "<group>"; };
		C305C49D1EA76B7E004C73BF /* UIColor+HexColor.h */ = {isa = PBXFileReference; fileEncoding = 4; lastKnownFileType = sourcecode.c.h; path = "UIColor+HexColor.h"; sourceTree = "<group>"; };
		C305C49E1EA76B7E004C73BF /* UIColor+HexColor.m */ = {isa = PBXFileReference; fileEncoding = 4; lastKnownFileType = sourcecode.c.objc; path = "UIColor+HexColor.m"; sourceTree = "<group>"; };
		C321024D1EAA009900D6251F /* SYActivityCenterViewController.h */ = {isa = PBXFileReference; fileEncoding = 4; lastKnownFileType = sourcecode.c.h; path = SYActivityCenterViewController.h; sourceTree = "<group>"; };
		C321024E1EAA009900D6251F /* SYActivityCenterViewController.m */ = {isa = PBXFileReference; fileEncoding = 4; lastKnownFileType = sourcecode.c.objc; path = SYActivityCenterViewController.m; sourceTree = "<group>"; };
		C32102531EAA009900D6251F /* SYHomePageViewController.h */ = {isa = PBXFileReference; fileEncoding = 4; lastKnownFileType = sourcecode.c.h; path = SYHomePageViewController.h; sourceTree = "<group>"; };
		C32102541EAA009900D6251F /* SYHomePageViewController.m */ = {isa = PBXFileReference; fileEncoding = 4; lastKnownFileType = sourcecode.c.objc; path = SYHomePageViewController.m; sourceTree = "<group>"; };
		C32102551EAA009900D6251F /* SYUserInfoListView.h */ = {isa = PBXFileReference; fileEncoding = 4; lastKnownFileType = sourcecode.c.h; path = SYUserInfoListView.h; sourceTree = "<group>"; };
		C32102561EAA009900D6251F /* SYUserInfoListView.m */ = {isa = PBXFileReference; fileEncoding = 4; lastKnownFileType = sourcecode.c.objc; path = SYUserInfoListView.m; sourceTree = "<group>"; };
		C32102591EAA009900D6251F /* SYUserInfoList.plist */ = {isa = PBXFileReference; fileEncoding = 4; lastKnownFileType = text.plist.xml; path = SYUserInfoList.plist; sourceTree = "<group>"; };
		C321025A1EAA009900D6251F /* SYUserInfoModel.h */ = {isa = PBXFileReference; fileEncoding = 4; lastKnownFileType = sourcecode.c.h; path = SYUserInfoModel.h; sourceTree = "<group>"; };
		C321025B1EAA009900D6251F /* SYUserInfoModel.m */ = {isa = PBXFileReference; fileEncoding = 4; lastKnownFileType = sourcecode.c.objc; path = SYUserInfoModel.m; sourceTree = "<group>"; };
		C321025D1EAA009900D6251F /* SYUserInfoCell.h */ = {isa = PBXFileReference; fileEncoding = 4; lastKnownFileType = sourcecode.c.h; path = SYUserInfoCell.h; sourceTree = "<group>"; };
		C321025E1EAA009900D6251F /* SYUserInfoCell.m */ = {isa = PBXFileReference; fileEncoding = 4; lastKnownFileType = sourcecode.c.objc; path = SYUserInfoCell.m; sourceTree = "<group>"; };
		C32102661EAA03A900D6251F /* SYScanQrcodeViewController.h */ = {isa = PBXFileReference; fileEncoding = 4; lastKnownFileType = sourcecode.c.h; path = SYScanQrcodeViewController.h; sourceTree = "<group>"; };
		C32102671EAA03A900D6251F /* SYScanQrcodeViewController.m */ = {isa = PBXFileReference; fileEncoding = 4; lastKnownFileType = sourcecode.c.objc; path = SYScanQrcodeViewController.m; sourceTree = "<group>"; };
		C32102691EAA05C800D6251F /* SYActivityCenterModel.h */ = {isa = PBXFileReference; fileEncoding = 4; lastKnownFileType = sourcecode.c.h; path = SYActivityCenterModel.h; sourceTree = "<group>"; };
		C321026A1EAA05C800D6251F /* SYActivityCenterModel.m */ = {isa = PBXFileReference; fileEncoding = 4; lastKnownFileType = sourcecode.c.objc; path = SYActivityCenterModel.m; sourceTree = "<group>"; };
		C321026C1EAA05FA00D6251F /* SYActivityCenterViewCell.h */ = {isa = PBXFileReference; fileEncoding = 4; lastKnownFileType = sourcecode.c.h; path = SYActivityCenterViewCell.h; sourceTree = "<group>"; };
		C321026D1EAA05FA00D6251F /* SYActivityCenterViewCell.m */ = {isa = PBXFileReference; fileEncoding = 4; lastKnownFileType = sourcecode.c.objc; path = SYActivityCenterViewCell.m; sourceTree = "<group>"; };
		C321026F1EAA06D700D6251F /* SYHomePageLocationModel.h */ = {isa = PBXFileReference; fileEncoding = 4; lastKnownFileType = sourcecode.c.h; path = SYHomePageLocationModel.h; sourceTree = "<group>"; };
		C32102701EAA06D700D6251F /* SYHomePageLocationModel.m */ = {isa = PBXFileReference; fileEncoding = 4; lastKnownFileType = sourcecode.c.objc; path = SYHomePageLocationModel.m; sourceTree = "<group>"; };
		C32102721EAA0FEB00D6251F /* SYScanQrcodeView.h */ = {isa = PBXFileReference; fileEncoding = 4; lastKnownFileType = sourcecode.c.h; path = SYScanQrcodeView.h; sourceTree = "<group>"; };
		C32102731EAA0FEB00D6251F /* SYScanQrcodeView.m */ = {isa = PBXFileReference; fileEncoding = 4; lastKnownFileType = sourcecode.c.objc; path = SYScanQrcodeView.m; sourceTree = "<group>"; };
		C35DC6511EA847F800D19621 /* Gloab.h */ = {isa = PBXFileReference; lastKnownFileType = sourcecode.c.h; path = Gloab.h; sourceTree = "<group>"; };
		C35DC6581EA8B49B00D19621 /* SYBaseNavgationViewController.h */ = {isa = PBXFileReference; fileEncoding = 4; lastKnownFileType = sourcecode.c.h; path = SYBaseNavgationViewController.h; sourceTree = "<group>"; };
		C35DC6591EA8B49B00D19621 /* SYBaseNavgationViewController.m */ = {isa = PBXFileReference; fileEncoding = 4; lastKnownFileType = sourcecode.c.objc; path = SYBaseNavgationViewController.m; sourceTree = "<group>"; };
		C35DC65A1EA8B49B00D19621 /* SYBaseViewController.h */ = {isa = PBXFileReference; fileEncoding = 4; lastKnownFileType = sourcecode.c.h; path = SYBaseViewController.h; sourceTree = "<group>"; };
		C35DC65B1EA8B49B00D19621 /* SYBaseViewController.m */ = {isa = PBXFileReference; fileEncoding = 4; lastKnownFileType = sourcecode.c.objc; path = SYBaseViewController.m; sourceTree = "<group>"; };
		C3D57BC21EAD9D8500C07871 /* HomePageLocation.plist */ = {isa = PBXFileReference; fileEncoding = 4; lastKnownFileType = text.plist.xml; path = HomePageLocation.plist; sourceTree = "<group>"; };
		CD204EDD4FAF385502DA48F6 /* Pods-SmallYellowBike.release.xcconfig */ = {isa = PBXFileReference; includeInIndex = 1; lastKnownFileType = text.xcconfig; name = "Pods-SmallYellowBike.release.xcconfig"; path = "Pods/Target Support Files/Pods-SmallYellowBike/Pods-SmallYellowBike.release.xcconfig"; sourceTree = "<group>"; };
		D397C4B4B8144C3025E6AF1B /* libPods-SmallYellowBike.a */ = {isa = PBXFileReference; explicitFileType = archive.ar; includeInIndex = 0; path = "libPods-SmallYellowBike.a"; sourceTree = BUILT_PRODUCTS_DIR; };
/* End PBXFileReference section */

/* Begin PBXFrameworksBuildPhase section */
		C305C44A1EA7619C004C73BF /* Frameworks */ = {
			isa = PBXFrameworksBuildPhase;
			buildActionMask = 2147483647;
			files = (
				5AD96C15762789674D2D8A01 /* libPods-SmallYellowBike.a in Frameworks */,
			);
			runOnlyForDeploymentPostprocessing = 0;
		};
		C305C4631EA7619C004C73BF /* Frameworks */ = {
			isa = PBXFrameworksBuildPhase;
			buildActionMask = 2147483647;
			files = (
			);
			runOnlyForDeploymentPostprocessing = 0;
		};
		C305C46E1EA7619C004C73BF /* Frameworks */ = {
			isa = PBXFrameworksBuildPhase;
			buildActionMask = 2147483647;
			files = (
			);
			runOnlyForDeploymentPostprocessing = 0;
		};
/* End PBXFrameworksBuildPhase section */

/* Begin PBXGroup section */
		06959BB06C15B4B59A4372B1 /* Pods */ = {
			isa = PBXGroup;
			children = (
				BC6A8D9E1F767C4845300924 /* Pods-SmallYellowBike.debug.xcconfig */,
				CD204EDD4FAF385502DA48F6 /* Pods-SmallYellowBike.release.xcconfig */,
			);
			name = Pods;
			sourceTree = "<group>";
		};
		580E61C228A637A8089C9ECD /* Frameworks */ = {
			isa = PBXGroup;
			children = (
				D397C4B4B8144C3025E6AF1B /* libPods-SmallYellowBike.a */,
			);
			name = Frameworks;
			sourceTree = "<group>";
		};
		C305C4441EA7619C004C73BF = {
			isa = PBXGroup;
			children = (
				C305C44F1EA7619C004C73BF /* SmallYellowBike */,
				C305C4691EA7619C004C73BF /* SmallYellowBikeTests */,
				C305C4741EA7619C004C73BF /* SmallYellowBikeUITests */,
				C305C44E1EA7619C004C73BF /* Products */,
				06959BB06C15B4B59A4372B1 /* Pods */,
				580E61C228A637A8089C9ECD /* Frameworks */,
			);
			sourceTree = "<group>";
		};
		C305C44E1EA7619C004C73BF /* Products */ = {
			isa = PBXGroup;
			children = (
				C305C44D1EA7619C004C73BF /* SmallYellowBike.app */,
				C305C4661EA7619C004C73BF /* SmallYellowBikeTests.xctest */,
				C305C4711EA7619C004C73BF /* SmallYellowBikeUITests.xctest */,
			);
			name = Products;
			sourceTree = "<group>";
		};
		C305C44F1EA7619C004C73BF /* SmallYellowBike */ = {
			isa = PBXGroup;
			children = (
				C321024A1EAA009900D6251F /* Main */,
				C32102491EA9FFFD00D6251F /* Common */,
				C35DC6571EA8B49B00D19621 /* Base */,
				C35DC6501EA847DF00D19621 /* Gloab */,
				C305C4951EA76246004C73BF /* Tools */,
				C305C4531EA7619C004C73BF /* AppDelegate.h */,
				C305C4541EA7619C004C73BF /* AppDelegate.m */,
				C305C45C1EA7619C004C73BF /* Assets.xcassets */,
				C305C4611EA7619C004C73BF /* Info.plist */,
				C305C4501EA7619C004C73BF /* Supporting Files */,
			);
			path = SmallYellowBike;
			sourceTree = "<group>";
		};
		C305C4501EA7619C004C73BF /* Supporting Files */ = {
			isa = PBXGroup;
			children = (
				C305C4511EA7619C004C73BF /* main.m */,
			);
			name = "Supporting Files";
			sourceTree = "<group>";
		};
		C305C4691EA7619C004C73BF /* SmallYellowBikeTests */ = {
			isa = PBXGroup;
			children = (
				C305C46A1EA7619C004C73BF /* SmallYellowBikeTests.m */,
				C305C46C1EA7619C004C73BF /* Info.plist */,
			);
			path = SmallYellowBikeTests;
			sourceTree = "<group>";
		};
		C305C4741EA7619C004C73BF /* SmallYellowBikeUITests */ = {
			isa = PBXGroup;
			children = (
				C305C4751EA7619C004C73BF /* SmallYellowBikeUITests.m */,
				C305C4771EA7619C004C73BF /* Info.plist */,
			);
			path = SmallYellowBikeUITests;
			sourceTree = "<group>";
		};
		C305C4951EA76246004C73BF /* Tools */ = {
			isa = PBXGroup;
			children = (
				C305C4961EA76246004C73BF /* Extension */,
				C305C4971EA76246004C73BF /* NetworkTool */,
			);
			path = Tools;
			sourceTree = "<group>";
		};
		C305C4961EA76246004C73BF /* Extension */ = {
			isa = PBXGroup;
			children = (
				C305C49D1EA76B7E004C73BF /* UIColor+HexColor.h */,
				C305C49E1EA76B7E004C73BF /* UIColor+HexColor.m */,
			);
			path = Extension;
			sourceTree = "<group>";
		};
		C305C4971EA76246004C73BF /* NetworkTool */ = {
			isa = PBXGroup;
			children = (
			);
			path = NetworkTool;
			sourceTree = "<group>";
		};
		C32102491EA9FFFD00D6251F /* Common */ = {
			isa = PBXGroup;
			children = (
			);
			path = Common;
			sourceTree = "<group>";
		};
		C321024A1EAA009900D6251F /* Main */ = {
			isa = PBXGroup;
			children = (
				C32102511EAA009900D6251F /* Home */,
				C321024B1EAA009900D6251F /* Activity */,
			);
			path = Main;
			sourceTree = "<group>";
		};
		C321024B1EAA009900D6251F /* Activity */ = {
			isa = PBXGroup;
			children = (
				C321024C1EAA009900D6251F /* Controller */,
				C321024F1EAA009900D6251F /* Model */,
				C32102501EAA009900D6251F /* View */,
			);
			path = Activity;
			sourceTree = "<group>";
		};
		C321024C1EAA009900D6251F /* Controller */ = {
			isa = PBXGroup;
			children = (
				C321024D1EAA009900D6251F /* SYActivityCenterViewController.h */,
				C321024E1EAA009900D6251F /* SYActivityCenterViewController.m */,
			);
			path = Controller;
			sourceTree = "<group>";
		};
		C321024F1EAA009900D6251F /* Model */ = {
			isa = PBXGroup;
			children = (
				C32102691EAA05C800D6251F /* SYActivityCenterModel.h */,
				C321026A1EAA05C800D6251F /* SYActivityCenterModel.m */,
			);
			path = Model;
			sourceTree = "<group>";
		};
		C32102501EAA009900D6251F /* View */ = {
			isa = PBXGroup;
			children = (
				C321026C1EAA05FA00D6251F /* SYActivityCenterViewCell.h */,
				C321026D1EAA05FA00D6251F /* SYActivityCenterViewCell.m */,
			);
			path = View;
			sourceTree = "<group>";
		};
		C32102511EAA009900D6251F /* Home */ = {
			isa = PBXGroup;
			children = (
				C32102521EAA009900D6251F /* Controllers */,
				C32102571EAA009900D6251F /* Models */,
				C321025C1EAA009900D6251F /* Views */,
			);
			path = Home;
			sourceTree = "<group>";
		};
		C32102521EAA009900D6251F /* Controllers */ = {
			isa = PBXGroup;
			children = (
				C32102531EAA009900D6251F /* SYHomePageViewController.h */,
				C32102541EAA009900D6251F /* SYHomePageViewController.m */,
				C32102551EAA009900D6251F /* SYUserInfoListView.h */,
				C32102561EAA009900D6251F /* SYUserInfoListView.m */,
				C32102661EAA03A900D6251F /* SYScanQrcodeViewController.h */,
				C32102671EAA03A900D6251F /* SYScanQrcodeViewController.m */,
			);
			path = Controllers;
			sourceTree = "<group>";
		};
		C32102571EAA009900D6251F /* Models */ = {
			isa = PBXGroup;
			children = (
				C32102591EAA009900D6251F /* SYUserInfoList.plist */,
				C321025A1EAA009900D6251F /* SYUserInfoModel.h */,
				C321025B1EAA009900D6251F /* SYUserInfoModel.m */,
				C321026F1EAA06D700D6251F /* SYHomePageLocationModel.h */,
				C32102701EAA06D700D6251F /* SYHomePageLocationModel.m */,
				C3D57BC21EAD9D8500C07871 /* HomePageLocation.plist */,
			);
			path = Models;
			sourceTree = "<group>";
		};
		C321025C1EAA009900D6251F /* Views */ = {
			isa = PBXGroup;
			children = (
				C321025D1EAA009900D6251F /* SYUserInfoCell.h */,
				C321025E1EAA009900D6251F /* SYUserInfoCell.m */,
				C32102721EAA0FEB00D6251F /* SYScanQrcodeView.h */,
				C32102731EAA0FEB00D6251F /* SYScanQrcodeView.m */,
			);
			path = Views;
			sourceTree = "<group>";
		};
		C35DC6501EA847DF00D19621 /* Gloab */ = {
			isa = PBXGroup;
			children = (
				C35DC6511EA847F800D19621 /* Gloab.h */,
			);
			path = Gloab;
			sourceTree = "<group>";
		};
		C35DC6571EA8B49B00D19621 /* Base */ = {
			isa = PBXGroup;
			children = (
				C35DC6581EA8B49B00D19621 /* SYBaseNavgationViewController.h */,
				C35DC6591EA8B49B00D19621 /* SYBaseNavgationViewController.m */,
				C35DC65A1EA8B49B00D19621 /* SYBaseViewController.h */,
				C35DC65B1EA8B49B00D19621 /* SYBaseViewController.m */,
			);
			path = Base;
			sourceTree = "<group>";
		};
/* End PBXGroup section */

/* Begin PBXNativeTarget section */
		C305C44C1EA7619C004C73BF /* SmallYellowBike */ = {
			isa = PBXNativeTarget;
			buildConfigurationList = C305C47A1EA7619C004C73BF /* Build configuration list for PBXNativeTarget "SmallYellowBike" */;
			buildPhases = (
				C079CD98F85C04BEEA354785 /* [CP] Check Pods Manifest.lock */,
				C305C4491EA7619C004C73BF /* Sources */,
				C305C44A1EA7619C004C73BF /* Frameworks */,
				C305C44B1EA7619C004C73BF /* Resources */,
				D2B5DD8FEDD625E0387EC4E8 /* [CP] Embed Pods Frameworks */,
				1C09D28474D02BB8FE8E3273 /* [CP] Copy Pods Resources */,
			);
			buildRules = (
			);
			dependencies = (
			);
			name = SmallYellowBike;
			productName = SmallYellowBike;
			productReference = C305C44D1EA7619C004C73BF /* SmallYellowBike.app */;
			productType = "com.apple.product-type.application";
		};
		C305C4651EA7619C004C73BF /* SmallYellowBikeTests */ = {
			isa = PBXNativeTarget;
			buildConfigurationList = C305C47D1EA7619C004C73BF /* Build configuration list for PBXNativeTarget "SmallYellowBikeTests" */;
			buildPhases = (
				C305C4621EA7619C004C73BF /* Sources */,
				C305C4631EA7619C004C73BF /* Frameworks */,
				C305C4641EA7619C004C73BF /* Resources */,
			);
			buildRules = (
			);
			dependencies = (
				C305C4681EA7619C004C73BF /* PBXTargetDependency */,
			);
			name = SmallYellowBikeTests;
			productName = SmallYellowBikeTests;
			productReference = C305C4661EA7619C004C73BF /* SmallYellowBikeTests.xctest */;
			productType = "com.apple.product-type.bundle.unit-test";
		};
		C305C4701EA7619C004C73BF /* SmallYellowBikeUITests */ = {
			isa = PBXNativeTarget;
			buildConfigurationList = C305C4801EA7619C004C73BF /* Build configuration list for PBXNativeTarget "SmallYellowBikeUITests" */;
			buildPhases = (
				C305C46D1EA7619C004C73BF /* Sources */,
				C305C46E1EA7619C004C73BF /* Frameworks */,
				C305C46F1EA7619C004C73BF /* Resources */,
			);
			buildRules = (
			);
			dependencies = (
				C305C4731EA7619C004C73BF /* PBXTargetDependency */,
			);
			name = SmallYellowBikeUITests;
			productName = SmallYellowBikeUITests;
			productReference = C305C4711EA7619C004C73BF /* SmallYellowBikeUITests.xctest */;
			productType = "com.apple.product-type.bundle.ui-testing";
		};
/* End PBXNativeTarget section */

/* Begin PBXProject section */
		C305C4451EA7619C004C73BF /* Project object */ = {
			isa = PBXProject;
			attributes = {
				LastUpgradeCheck = 0800;
				ORGANIZATIONNAME = "才文";
				TargetAttributes = {
					C305C44C1EA7619C004C73BF = {
						CreatedOnToolsVersion = 8.0;
						DevelopmentTeam = 759226P649;
						ProvisioningStyle = Automatic;
						SystemCapabilities = {
							com.apple.BackgroundModes = {
								enabled = 1;
							};
						};
					};
					C305C4651EA7619C004C73BF = {
						CreatedOnToolsVersion = 8.0;
						DevelopmentTeam = 759226P649;
						ProvisioningStyle = Automatic;
						TestTargetID = C305C44C1EA7619C004C73BF;
					};
					C305C4701EA7619C004C73BF = {
						CreatedOnToolsVersion = 8.0;
						DevelopmentTeam = 759226P649;
						ProvisioningStyle = Automatic;
						TestTargetID = C305C44C1EA7619C004C73BF;
					};
				};
			};
			buildConfigurationList = C305C4481EA7619C004C73BF /* Build configuration list for PBXProject "SmallYellowBike" */;
			compatibilityVersion = "Xcode 3.2";
			developmentRegion = English;
			hasScannedForEncodings = 0;
			knownRegions = (
				en,
				Base,
			);
			mainGroup = C305C4441EA7619C004C73BF;
			productRefGroup = C305C44E1EA7619C004C73BF /* Products */;
			projectDirPath = "";
			projectRoot = "";
			targets = (
				C305C44C1EA7619C004C73BF /* SmallYellowBike */,
				C305C4651EA7619C004C73BF /* SmallYellowBikeTests */,
				C305C4701EA7619C004C73BF /* SmallYellowBikeUITests */,
			);
		};
/* End PBXProject section */

/* Begin PBXResourcesBuildPhase section */
		C305C44B1EA7619C004C73BF /* Resources */ = {
			isa = PBXResourcesBuildPhase;
			buildActionMask = 2147483647;
			files = (
				C32102631EAA009900D6251F /* SYUserInfoList.plist in Resources */,
				C305C45D1EA7619C004C73BF /* Assets.xcassets in Resources */,
				C3D57BC31EAD9D8500C07871 /* HomePageLocation.plist in Resources */,
			);
			runOnlyForDeploymentPostprocessing = 0;
		};
		C305C4641EA7619C004C73BF /* Resources */ = {
			isa = PBXResourcesBuildPhase;
			buildActionMask = 2147483647;
			files = (
			);
			runOnlyForDeploymentPostprocessing = 0;
		};
		C305C46F1EA7619C004C73BF /* Resources */ = {
			isa = PBXResourcesBuildPhase;
			buildActionMask = 2147483647;
			files = (
			);
			runOnlyForDeploymentPostprocessing = 0;
		};
/* End PBXResourcesBuildPhase section */

/* Begin PBXShellScriptBuildPhase section */
		1C09D28474D02BB8FE8E3273 /* [CP] Copy Pods Resources */ = {
			isa = PBXShellScriptBuildPhase;
			buildActionMask = 2147483647;
			files = (
			);
			inputPaths = (
			);
			name = "[CP] Copy Pods Resources";
			outputPaths = (
			);
			runOnlyForDeploymentPostprocessing = 0;
			shellPath = /bin/sh;
			shellScript = "\"${SRCROOT}/Pods/Target Support Files/Pods-SmallYellowBike/Pods-SmallYellowBike-resources.sh\"\n";
			showEnvVarsInLog = 0;
		};
		C079CD98F85C04BEEA354785 /* [CP] Check Pods Manifest.lock */ = {
			isa = PBXShellScriptBuildPhase;
			buildActionMask = 2147483647;
			files = (
			);
			inputPaths = (
			);
			name = "[CP] Check Pods Manifest.lock";
			outputPaths = (
			);
			runOnlyForDeploymentPostprocessing = 0;
			shellPath = /bin/sh;
			shellScript = "diff \"${PODS_ROOT}/../Podfile.lock\" \"${PODS_ROOT}/Manifest.lock\" > /dev/null\nif [ $? != 0 ] ; then\n    # print error to STDERR\n    echo \"error: The sandbox is not in sync with the Podfile.lock. Run 'pod install' or update your CocoaPods installation.\" >&2\n    exit 1\nfi\n";
			showEnvVarsInLog = 0;
		};
		D2B5DD8FEDD625E0387EC4E8 /* [CP] Embed Pods Frameworks */ = {
			isa = PBXShellScriptBuildPhase;
			buildActionMask = 2147483647;
			files = (
			);
			inputPaths = (
			);
			name = "[CP] Embed Pods Frameworks";
			outputPaths = (
			);
			runOnlyForDeploymentPostprocessing = 0;
			shellPath = /bin/sh;
			shellScript = "\"${SRCROOT}/Pods/Target Support Files/Pods-SmallYellowBike/Pods-SmallYellowBike-frameworks.sh\"\n";
			showEnvVarsInLog = 0;
		};
/* End PBXShellScriptBuildPhase section */

/* Begin PBXSourcesBuildPhase section */
		C305C4491EA7619C004C73BF /* Sources */ = {
			isa = PBXSourcesBuildPhase;
			buildActionMask = 2147483647;
			files = (
				C305C49F1EA76B7E004C73BF /* UIColor+HexColor.m in Sources */,
				C321026E1EAA05FA00D6251F /* SYActivityCenterViewCell.m in Sources */,
				C32102741EAA0FEB00D6251F /* SYScanQrcodeView.m in Sources */,
				C321026B1EAA05C800D6251F /* SYActivityCenterModel.m in Sources */,
				C305C4551EA7619C004C73BF /* AppDelegate.m in Sources */,
				C35DC65D1EA8B49B00D19621 /* SYBaseViewController.m in Sources */,
				C305C4521EA7619C004C73BF /* main.m in Sources */,
				C321025F1EAA009900D6251F /* SYActivityCenterViewController.m in Sources */,
				C32102641EAA009900D6251F /* SYUserInfoModel.m in Sources */,
				C32102611EAA009900D6251F /* SYUserInfoListView.m in Sources */,
				C32102601EAA009900D6251F /* SYHomePageViewController.m in Sources */,
				C32102711EAA06D700D6251F /* SYHomePageLocationModel.m in Sources */,
				C32102681EAA03A900D6251F /* SYScanQrcodeViewController.m in Sources */,
				C32102651EAA009900D6251F /* SYUserInfoCell.m in Sources */,
				C35DC65C1EA8B49B00D19621 /* SYBaseNavgationViewController.m in Sources */,
			);
			runOnlyForDeploymentPostprocessing = 0;
		};
		C305C4621EA7619C004C73BF /* Sources */ = {
			isa = PBXSourcesBuildPhase;
			buildActionMask = 2147483647;
			files = (
				C305C46B1EA7619C004C73BF /* SmallYellowBikeTests.m in Sources */,
			);
			runOnlyForDeploymentPostprocessing = 0;
		};
		C305C46D1EA7619C004C73BF /* Sources */ = {
			isa = PBXSourcesBuildPhase;
			buildActionMask = 2147483647;
			files = (
				C305C4761EA7619C004C73BF /* SmallYellowBikeUITests.m in Sources */,
			);
			runOnlyForDeploymentPostprocessing = 0;
		};
/* End PBXSourcesBuildPhase section */

/* Begin PBXTargetDependency section */
		C305C4681EA7619C004C73BF /* PBXTargetDependency */ = {
			isa = PBXTargetDependency;
			target = C305C44C1EA7619C004C73BF /* SmallYellowBike */;
			targetProxy = C305C4671EA7619C004C73BF /* PBXContainerItemProxy */;
		};
		C305C4731EA7619C004C73BF /* PBXTargetDependency */ = {
			isa = PBXTargetDependency;
			target = C305C44C1EA7619C004C73BF /* SmallYellowBike */;
			targetProxy = C305C4721EA7619C004C73BF /* PBXContainerItemProxy */;
		};
/* End PBXTargetDependency section */

/* Begin XCBuildConfiguration section */
		C305C4781EA7619C004C73BF /* Debug */ = {
			isa = XCBuildConfiguration;
			buildSettings = {
				ALWAYS_SEARCH_USER_PATHS = NO;
				CLANG_ANALYZER_NONNULL = YES;
				CLANG_CXX_LANGUAGE_STANDARD = "gnu++0x";
				CLANG_CXX_LIBRARY = "libc++";
				CLANG_ENABLE_MODULES = YES;
				CLANG_ENABLE_OBJC_ARC = YES;
				CLANG_WARN_BOOL_CONVERSION = YES;
				CLANG_WARN_CONSTANT_CONVERSION = YES;
				CLANG_WARN_DIRECT_OBJC_ISA_USAGE = YES_ERROR;
				CLANG_WARN_DOCUMENTATION_COMMENTS = YES;
				CLANG_WARN_EMPTY_BODY = YES;
				CLANG_WARN_ENUM_CONVERSION = YES;
				CLANG_WARN_INFINITE_RECURSION = YES;
				CLANG_WARN_INT_CONVERSION = YES;
				CLANG_WARN_OBJC_ROOT_CLASS = YES_ERROR;
				CLANG_WARN_SUSPICIOUS_MOVE = YES;
				CLANG_WARN_SUSPICIOUS_MOVES = YES;
				CLANG_WARN_UNREACHABLE_CODE = YES;
				CLANG_WARN__DUPLICATE_METHOD_MATCH = YES;
				"CODE_SIGN_IDENTITY[sdk=iphoneos*]" = "iPhone Developer";
				COPY_PHASE_STRIP = NO;
				DEBUG_INFORMATION_FORMAT = dwarf;
				ENABLE_STRICT_OBJC_MSGSEND = YES;
				ENABLE_TESTABILITY = YES;
				GCC_C_LANGUAGE_STANDARD = gnu99;
				GCC_DYNAMIC_NO_PIC = NO;
				GCC_NO_COMMON_BLOCKS = YES;
				GCC_OPTIMIZATION_LEVEL = 0;
				GCC_PREPROCESSOR_DEFINITIONS = (
					"DEBUG=1",
					"$(inherited)",
				);
				GCC_WARN_64_TO_32_BIT_CONVERSION = YES;
				GCC_WARN_ABOUT_RETURN_TYPE = YES_ERROR;
				GCC_WARN_UNDECLARED_SELECTOR = YES;
				GCC_WARN_UNINITIALIZED_AUTOS = YES_AGGRESSIVE;
				GCC_WARN_UNUSED_FUNCTION = YES;
				GCC_WARN_UNUSED_VARIABLE = YES;
				IPHONEOS_DEPLOYMENT_TARGET = 8.0;
				MTL_ENABLE_DEBUG_INFO = YES;
				ONLY_ACTIVE_ARCH = YES;
				SDKROOT = iphoneos;
			};
			name = Debug;
		};
		C305C4791EA7619C004C73BF /* Release */ = {
			isa = XCBuildConfiguration;
			buildSettings = {
				ALWAYS_SEARCH_USER_PATHS = NO;
				CLANG_ANALYZER_NONNULL = YES;
				CLANG_CXX_LANGUAGE_STANDARD = "gnu++0x";
				CLANG_CXX_LIBRARY = "libc++";
				CLANG_ENABLE_MODULES = YES;
				CLANG_ENABLE_OBJC_ARC = YES;
				CLANG_WARN_BOOL_CONVERSION = YES;
				CLANG_WARN_CONSTANT_CONVERSION = YES;
				CLANG_WARN_DIRECT_OBJC_ISA_USAGE = YES_ERROR;
				CLANG_WARN_DOCUMENTATION_COMMENTS = YES;
				CLANG_WARN_EMPTY_BODY = YES;
				CLANG_WARN_ENUM_CONVERSION = YES;
				CLANG_WARN_INFINITE_RECURSION = YES;
				CLANG_WARN_INT_CONVERSION = YES;
				CLANG_WARN_OBJC_ROOT_CLASS = YES_ERROR;
				CLANG_WARN_SUSPICIOUS_MOVE = YES;
				CLANG_WARN_SUSPICIOUS_MOVES = YES;
				CLANG_WARN_UNREACHABLE_CODE = YES;
				CLANG_WARN__DUPLICATE_METHOD_MATCH = YES;
				"CODE_SIGN_IDENTITY[sdk=iphoneos*]" = "iPhone Developer";
				COPY_PHASE_STRIP = NO;
				DEBUG_INFORMATION_FORMAT = "dwarf-with-dsym";
				ENABLE_NS_ASSERTIONS = NO;
				ENABLE_STRICT_OBJC_MSGSEND = YES;
				GCC_C_LANGUAGE_STANDARD = gnu99;
				GCC_NO_COMMON_BLOCKS = YES;
				GCC_WARN_64_TO_32_BIT_CONVERSION = YES;
				GCC_WARN_ABOUT_RETURN_TYPE = YES_ERROR;
				GCC_WARN_UNDECLARED_SELECTOR = YES;
				GCC_WARN_UNINITIALIZED_AUTOS = YES_AGGRESSIVE;
				GCC_WARN_UNUSED_FUNCTION = YES;
				GCC_WARN_UNUSED_VARIABLE = YES;
				IPHONEOS_DEPLOYMENT_TARGET = 8.0;
				MTL_ENABLE_DEBUG_INFO = NO;
				SDKROOT = iphoneos;
				VALIDATE_PRODUCT = YES;
			};
			name = Release;
		};
		C305C47B1EA7619C004C73BF /* Debug */ = {
			isa = XCBuildConfiguration;
			baseConfigurationReference = BC6A8D9E1F767C4845300924 /* Pods-SmallYellowBike.debug.xcconfig */;
			buildSettings = {
				ASSETCATALOG_COMPILER_APPICON_NAME = AppIcon;
				ASSETCATALOG_COMPILER_LAUNCHIMAGE_NAME = LaunchImage;
				DEVELOPMENT_TEAM = 759226P649;
				GCC_PREFIX_HEADER = "$(SRCROOT)/SmallYellowBike/Gloab/Gloab.h";
				INFOPLIST_FILE = SmallYellowBike/Info.plist;
				IPHONEOS_DEPLOYMENT_TARGET = 8.0;
				LD_RUNPATH_SEARCH_PATHS = "$(inherited) @executable_path/Frameworks";
				PRODUCT_BUNDLE_IDENTIFIER = jiangrongxin.cn.smallYellowBike;
				PRODUCT_NAME = "$(TARGET_NAME)";
			};
			name = Debug;
		};
		C305C47C1EA7619C004C73BF /* Release */ = {
			isa = XCBuildConfiguration;
			baseConfigurationReference = CD204EDD4FAF385502DA48F6 /* Pods-SmallYellowBike.release.xcconfig */;
			buildSettings = {
				ASSETCATALOG_COMPILER_APPICON_NAME = AppIcon;
				ASSETCATALOG_COMPILER_LAUNCHIMAGE_NAME = LaunchImage;
				DEVELOPMENT_TEAM = 759226P649;
				GCC_PREFIX_HEADER = "$(SRCROOT)/SmallYellowBike/Gloab/Gloab.h";
				INFOPLIST_FILE = SmallYellowBike/Info.plist;
				IPHONEOS_DEPLOYMENT_TARGET = 8.0;
				LD_RUNPATH_SEARCH_PATHS = "$(inherited) @executable_path/Frameworks";
				PRODUCT_BUNDLE_IDENTIFIER = jiangrongxin.cn.smallYellowBike;
				PRODUCT_NAME = "$(TARGET_NAME)";
			};
			name = Release;
		};
		C305C47E1EA7619C004C73BF /* Debug */ = {
			isa = XCBuildConfiguration;
			buildSettings = {
				BUNDLE_LOADER = "$(TEST_HOST)";
				DEVELOPMENT_TEAM = 759226P649;
				INFOPLIST_FILE = SmallYellowBikeTests/Info.plist;
				LD_RUNPATH_SEARCH_PATHS = "$(inherited) @executable_path/Frameworks @loader_path/Frameworks";
				PRODUCT_BUNDLE_IDENTIFIER = jiangrongxin.cn.SmallYellowBikeTests;
				PRODUCT_NAME = "$(TARGET_NAME)";
				TEST_HOST = "$(BUILT_PRODUCTS_DIR)/SmallYellowBike.app/SmallYellowBike";
			};
			name = Debug;
		};
		C305C47F1EA7619C004C73BF /* Release */ = {
			isa = XCBuildConfiguration;
			buildSettings = {
				BUNDLE_LOADER = "$(TEST_HOST)";
				DEVELOPMENT_TEAM = 759226P649;
				INFOPLIST_FILE = SmallYellowBikeTests/Info.plist;
				LD_RUNPATH_SEARCH_PATHS = "$(inherited) @executable_path/Frameworks @loader_path/Frameworks";
				PRODUCT_BUNDLE_IDENTIFIER = jiangrongxin.cn.SmallYellowBikeTests;
				PRODUCT_NAME = "$(TARGET_NAME)";
				TEST_HOST = "$(BUILT_PRODUCTS_DIR)/SmallYellowBike.app/SmallYellowBike";
			};
			name = Release;
		};
		C305C4811EA7619C004C73BF /* Debug */ = {
			isa = XCBuildConfiguration;
			buildSettings = {
				DEVELOPMENT_TEAM = 759226P649;
				INFOPLIST_FILE = SmallYellowBikeUITests/Info.plist;
				LD_RUNPATH_SEARCH_PATHS = "$(inherited) @executable_path/Frameworks @loader_path/Frameworks";
				PRODUCT_BUNDLE_IDENTIFIER = jiangrongxin.cn.SmallYellowBikeUITests;
				PRODUCT_NAME = "$(TARGET_NAME)";
				TEST_TARGET_NAME = SmallYellowBike;
			};
			name = Debug;
		};
		C305C4821EA7619C004C73BF /* Release */ = {
			isa = XCBuildConfiguration;
			buildSettings = {
				DEVELOPMENT_TEAM = 759226P649;
				INFOPLIST_FILE = SmallYellowBikeUITests/Info.plist;
				LD_RUNPATH_SEARCH_PATHS = "$(inherited) @executable_path/Frameworks @loader_path/Frameworks";
				PRODUCT_BUNDLE_IDENTIFIER = jiangrongxin.cn.SmallYellowBikeUITests;
				PRODUCT_NAME = "$(TARGET_NAME)";
				TEST_TARGET_NAME = SmallYellowBike;
			};
			name = Release;
		};
/* End XCBuildConfiguration section */

/* Begin XCConfigurationList section */
		C305C4481EA7619C004C73BF /* Build configuration list for PBXProject "SmallYellowBike" */ = {
			isa = XCConfigurationList;
			buildConfigurations = (
				C305C4781EA7619C004C73BF /* Debug */,
				C305C4791EA7619C004C73BF /* Release */,
			);
			defaultConfigurationIsVisible = 0;
			defaultConfigurationName = Release;
		};
		C305C47A1EA7619C004C73BF /* Build configuration list for PBXNativeTarget "SmallYellowBike" */ = {
			isa = XCConfigurationList;
			buildConfigurations = (
				C305C47B1EA7619C004C73BF /* Debug */,
				C305C47C1EA7619C004C73BF /* Release */,
			);
			defaultConfigurationIsVisible = 0;
			defaultConfigurationName = Release;
		};
		C305C47D1EA7619C004C73BF /* Build configuration list for PBXNativeTarget "SmallYellowBikeTests" */ = {
			isa = XCConfigurationList;
			buildConfigurations = (
				C305C47E1EA7619C004C73BF /* Debug */,
				C305C47F1EA7619C004C73BF /* Release */,
			);
			defaultConfigurationIsVisible = 0;
			defaultConfigurationName = Release;
		};
		C305C4801EA7619C004C73BF /* Build configuration list for PBXNativeTarget "SmallYellowBikeUITests" */ = {
			isa = XCConfigurationList;
			buildConfigurations = (
				C305C4811EA7619C004C73BF /* Debug */,
				C305C4821EA7619C004C73BF /* Release */,
			);
			defaultConfigurationIsVisible = 0;
			defaultConfigurationName = Release;
		};
/* End XCConfigurationList section */
	};
	rootObject = C305C4451EA7619C004C73BF /* Project object */;
}
